// !$*UTF8*$!
{
	archiveVersion = 1;
	classes = {
	};
	objectVersion = 50;
	objects = {

/* Begin PBXBuildFile section */
		B3ADE0B52180ABC5003CC3E8 /* AppDelegate.m in Sources */ = {isa = PBXBuildFile; fileRef = B3ADE0B42180ABC5003CC3E8 /* AppDelegate.m */; };
		B3ADE0B82180ABC5003CC3E8 /* FirstViewController.m in Sources */ = {isa = PBXBuildFile; fileRef = B3ADE0B72180ABC5003CC3E8 /* FirstViewController.m */; };
		B3ADE0BB2180ABC5003CC3E8 /* SecondViewController.m in Sources */ = {isa = PBXBuildFile; fileRef = B3ADE0BA2180ABC5003CC3E8 /* SecondViewController.m */; };
		B3ADE0BE2180ABC5003CC3E8 /* Main.storyboard in Resources */ = {isa = PBXBuildFile; fileRef = B3ADE0BC2180ABC5003CC3E8 /* Main.storyboard */; };
		B3ADE0C02180ABC5003CC3E8 /* Assets.xcassets in Resources */ = {isa = PBXBuildFile; fileRef = B3ADE0BF2180ABC5003CC3E8 /* Assets.xcassets */; };
		B3ADE0C32180ABC5003CC3E8 /* LaunchScreen.storyboard in Resources */ = {isa = PBXBuildFile; fileRef = B3ADE0C12180ABC5003CC3E8 /* LaunchScreen.storyboard */; };
		B3ADE0C62180ABC5003CC3E8 /* main.m in Sources */ = {isa = PBXBuildFile; fileRef = B3ADE0C52180ABC5003CC3E8 /* main.m */; };
/* End PBXBuildFile section */

/* Begin PBXFileReference section */
		B3ADE0B02180ABC4003CC3E8 /* iosapp.app */ = {isa = PBXFileReference; explicitFileType = wrapper.application; includeInIndex = 0; path = iosapp.app; sourceTree = BUILT_PRODUCTS_DIR; };
		B3ADE0B32180ABC5003CC3E8 /* AppDelegate.h */ = {isa = PBXFileReference; lastKnownFileType = sourcecode.c.h; path = AppDelegate.h; sourceTree = "<group>"; };
		B3ADE0B42180ABC5003CC3E8 /* AppDelegate.m */ = {isa = PBXFileReference; lastKnownFileType = sourcecode.c.objc; path = AppDelegate.m; sourceTree = "<group>"; };
		B3ADE0B62180ABC5003CC3E8 /* FirstViewController.h */ = {isa = PBXFileReference; lastKnownFileType = sourcecode.c.h; path = FirstViewController.h; sourceTree = "<group>"; };
		B3ADE0B72180ABC5003CC3E8 /* FirstViewController.m */ = {isa = PBXFileReference; lastKnownFileType = sourcecode.c.objc; path = FirstViewController.m; sourceTree = "<group>"; };
		B3ADE0B92180ABC5003CC3E8 /* SecondViewController.h */ = {isa = PBXFileReference; lastKnownFileType = sourcecode.c.h; path = SecondViewController.h; sourceTree = "<group>"; };
		B3ADE0BA2180ABC5003CC3E8 /* SecondViewController.m */ = {isa = PBXFileReference; lastKnownFileType = sourcecode.c.objc; path = SecondViewController.m; sourceTree = "<group>"; };
		B3ADE0BD2180ABC5003CC3E8 /* Base */ = {isa = PBXFileReference; lastKnownFileType = file.storyboard; name = Base; path = Base.lproj/Main.storyboard; sourceTree = "<group>"; };
		B3ADE0BF2180ABC5003CC3E8 /* Assets.xcassets */ = {isa = PBXFileReference; lastKnownFileType = folder.assetcatalog; path = Assets.xcassets; sourceTree = "<group>"; };
		B3ADE0C22180ABC5003CC3E8 /* Base */ = {isa = PBXFileReference; lastKnownFileType = file.storyboard; name = Base; path = Base.lproj/LaunchScreen.storyboard; sourceTree = "<group>"; };
		B3ADE0C42180ABC5003CC3E8 /* Info.plist */ = {isa = PBXFileReference; lastKnownFileType = text.plist.xml; path = Info.plist; sourceTree = "<group>"; };
		B3ADE0C52180ABC5003CC3E8 /* main.m */ = {isa = PBXFileReference; lastKnownFileType = sourcecode.c.objc; path = main.m; sourceTree = "<group>"; };
/* End PBXFileReference section */

/* Begin PBXFrameworksBuildPhase section */
		B3ADE0AD2180ABC4003CC3E8 /* Frameworks */ = {
			isa = PBXFrameworksBuildPhase;
			buildActionMask = 2147483647;
			files = (
			);
			runOnlyForDeploymentPostprocessing = 0;
		};
/* End PBXFrameworksBuildPhase section */

/* Begin PBXGroup section */
		B3ADE0A72180ABC4003CC3E8 = {
			isa = PBXGroup;
			children = (
				B3ADE0B22180ABC4003CC3E8 /* iosapp */,
				B3ADE0B12180ABC4003CC3E8 /* Products */,
			);
			sourceTree = "<group>";
		};
		B3ADE0B12180ABC4003CC3E8 /* Products */ = {
			isa = PBXGroup;
			children = (
				B3ADE0B02180ABC4003CC3E8 /* iosapp.app */,
			);
			name = Products;
			sourceTree = "<group>";
		};
		B3ADE0B22180ABC4003CC3E8 /* iosapp */ = {
			isa = PBXGroup;
			children = (
				B3ADE0B32180ABC5003CC3E8 /* AppDelegate.h */,
				B3ADE0B42180ABC5003CC3E8 /* AppDelegate.m */,
				B3ADE0B62180ABC5003CC3E8 /* FirstViewController.h */,
				B3ADE0B72180ABC5003CC3E8 /* FirstViewController.m */,
				B3ADE0B92180ABC5003CC3E8 /* SecondViewController.h */,
				B3ADE0BA2180ABC5003CC3E8 /* SecondViewController.m */,
				B3ADE0BC2180ABC5003CC3E8 /* Main.storyboard */,
				B3ADE0BF2180ABC5003CC3E8 /* Assets.xcassets */,
				B3ADE0C12180ABC5003CC3E8 /* LaunchScreen.storyboard */,
				B3ADE0C42180ABC5003CC3E8 /* Info.plist */,
				B3ADE0C52180ABC5003CC3E8 /* main.m */,
			);
			path = iosapp;
			sourceTree = "<group>";
		};
/* End PBXGroup section */

/* Begin PBXNativeTarget section */
		B3ADE0AF2180ABC4003CC3E8 /* iosapp */ = {
			isa = PBXNativeTarget;
			buildConfigurationList = B3ADE0C92180ABC5003CC3E8 /* Build configuration list for PBXNativeTarget "iosapp" */;
			buildPhases = (
				B3ADE0AC2180ABC4003CC3E8 /* Sources */,
				B3ADE0AD2180ABC4003CC3E8 /* Frameworks */,
				B3ADE0AE2180ABC4003CC3E8 /* Resources */,
			);
			buildRules = (
			);
			dependencies = (
			);
			name = iosapp;
			productName = iosapp;
			productReference = B3ADE0B02180ABC4003CC3E8 /* iosapp.app */;
			productType = "com.apple.product-type.application";
		};
/* End PBXNativeTarget section */

/* Begin PBXProject section */
		B3ADE0A82180ABC4003CC3E8 /* Project object */ = {
			isa = PBXProject;
			attributes = {
				LastUpgradeCheck = 1000;
				ORGANIZATIONNAME = yuanhuan;
				TargetAttributes = {
					B3ADE0AF2180ABC4003CC3E8 = {
						CreatedOnToolsVersion = 10.0;
					};
				};
			};
			buildConfigurationList = B3ADE0AB2180ABC4003CC3E8 /* Build configuration list for PBXProject "iosapp" */;
			compatibilityVersion = "Xcode 9.3";
			developmentRegion = en;
			hasScannedForEncodings = 0;
			knownRegions = (
				en,
				Base,
			);
			mainGroup = B3ADE0A72180ABC4003CC3E8;
			productRefGroup = B3ADE0B12180ABC4003CC3E8 /* Products */;
			projectDirPath = "";
			projectRoot = "";
			targets = (
				B3ADE0AF2180ABC4003CC3E8 /* iosapp */,
			);
		};
/* End PBXProject section */

/* Begin PBXResourcesBuildPhase section */
		B3ADE0AE2180ABC4003CC3E8 /* Resources */ = {
			isa = PBXResourcesBuildPhase;
			buildActionMask = 2147483647;
			files = (
				B3ADE0C32180ABC5003CC3E8 /* LaunchScreen.storyboard in Resources */,
				B3ADE0C02180ABC5003CC3E8 /* Assets.xcassets in Resources */,
				B3ADE0BE2180ABC5003CC3E8 /* Main.storyboard in Resources */,
			);
			runOnlyForDeploymentPostprocessing = 0;
		};
/* End PBXResourcesBuildPhase section */

/* Begin PBXSourcesBuildPhase section */
		B3ADE0AC2180ABC4003CC3E8 /* Sources */ = {
			isa = PBXSourcesBuildPhase;
			buildActionMask = 2147483647;
			files = (
				B3ADE0BB2180ABC5003CC3E8 /* SecondViewController.m in Sources */,
				B3ADE0B52180ABC5003CC3E8 /* AppDelegate.m in Sources */,
				B3ADE0C62180ABC5003CC3E8 /* main.m in Sources */,
				B3ADE0B82180ABC5003CC3E8 /* FirstViewController.m in Sources */,
			);
			runOnlyForDeploymentPostprocessing = 0;
		};
/* End PBXSourcesBuildPhase section */

/* Begin PBXVariantGroup section */
		B3ADE0BC2180ABC5003CC3E8 /* Main.storyboard */ = {
			isa = PBXVariantGroup;
			children = (
				B3ADE0BD2180ABC5003CC3E8 /* Base */,
			);
			name = Main.storyboard;
			sourceTree = "<group>";
		};
		B3ADE0C12180ABC5003CC3E8 /* LaunchScreen.storyboard */ = {
			isa = PBXVariantGroup;
			children = (
				B3ADE0C22180ABC5003CC3E8 /* Base */,
			);
			name = LaunchScreen.storyboard;
			sourceTree = "<group>";
		};
/* End PBXVariantGroup section */

/* Begin XCBuildConfiguration section */
		B3ADE0C72180ABC5003CC3E8 /* Debug */ = {
			isa = XCBuildConfiguration;
			buildSettings = {
				ALWAYS_SEARCH_USER_PATHS = NO;
				CLANG_ANALYZER_NONNULL = YES;
				CLANG_ANALYZER_NUMBER_OBJECT_CONVERSION = YES_AGGRESSIVE;
				CLANG_CXX_LANGUAGE_STANDARD = "gnu++14";
				CLANG_CXX_LIBRARY = "libc++";
				CLANG_ENABLE_MODULES = YES;
				CLANG_ENABLE_OBJC_ARC = YES;
				CLANG_ENABLE_OBJC_WEAK = YES;
				CLANG_WARN_BLOCK_CAPTURE_AUTORELEASING = YES;
				CLANG_WARN_BOOL_CONVERSION = YES;
				CLANG_WARN_COMMA = YES;
				CLANG_WARN_CONSTANT_CONVERSION = YES;
				CLANG_WARN_DEPRECATED_OBJC_IMPLEMENTATIONS = YES;
				CLANG_WARN_DIRECT_OBJC_ISA_USAGE = YES_ERROR;
				CLANG_WARN_DOCUMENTATION_COMMENTS = YES;
				CLANG_WARN_EMPTY_BODY = YES;
				CLANG_WARN_ENUM_CONVERSION = YES;
				CLANG_WARN_INFINITE_RECURSION = YES;
				CLANG_WARN_INT_CONVERSION = YES;
				CLANG_WARN_NON_LITERAL_NULL_CONVERSION = YES;
				CLANG_WARN_OBJC_IMPLICIT_RETAIN_SELF = YES;
				CLANG_WARN_OBJC_LITERAL_CONVERSION = YES;
				CLANG_WARN_OBJC_ROOT_CLASS = YES_ERROR;
				CLANG_WARN_RANGE_LOOP_ANALYSIS = YES;
				CLANG_WARN_STRICT_PROTOTYPES = YES;
				CLANG_WARN_SUSPICIOUS_MOVE = YES;
				CLANG_WARN_UNGUARDED_AVAILABILITY = YES_AGGRESSIVE;
				CLANG_WARN_UNREACHABLE_CODE = YES;
				CLANG_WARN__DUPLICATE_METHOD_MATCH = YES;
				CODE_SIGN_IDENTITY = "iPhone Developer";
				COPY_PHASE_STRIP = NO;
				DEBUG_INFORMATION_FORMAT = dwarf;
				ENABLE_STRICT_OBJC_MSGSEND = YES;
				ENABLE_TESTABILITY = YES;
				GCC_C_LANGUAGE_STANDARD = gnu11;
				GCC_DYNAMIC_NO_PIC = NO;
				GCC_NO_COMMON_BLOCKS = YES;
				GCC_OPTIMIZATION_LEVEL = 0;
				GCC_PREPROCESSOR_DEFINITIONS = (
					"DEBUG=1",
					"$(inherited)",
				);
				GCC_WARN_64_TO_32_BIT_CONVERSION = YES;
				GCC_WARN_ABOUT_RETURN_TYPE = YES_ERROR;
				GCC_WARN_UNDECLARED_SELECTOR = YES;
				GCC_WARN_UNINITIALIZED_AUTOS = YES_AGGRESSIVE;
				GCC_WARN_UNUSED_FUNCTION = YES;
				GCC_WARN_UNUSED_VARIABLE = YES;
				IPHONEOS_DEPLOYMENT_TARGET = 12.0;
				MTL_ENABLE_DEBUG_INFO = INCLUDE_SOURCE;
				MTL_FAST_MATH = YES;
				ONLY_ACTIVE_ARCH = YES;
				SDKROOT = iphoneos;
			};
			name = Debug;
		};
		B3ADE0C82180ABC5003CC3E8 /* Release */ = {
			isa = XCBuildConfiguration;
			buildSettings = {
				ALWAYS_SEARCH_USER_PATHS = NO;
				CLANG_ANALYZER_NONNULL = YES;
				CLANG_ANALYZER_NUMBER_OBJECT_CONVERSION = YES_AGGRESSIVE;
				CLANG_CXX_LANGUAGE_STANDARD = "gnu++14";
				CLANG_CXX_LIBRARY = "libc++";
				CLANG_ENABLE_MODULES = YES;
				CLANG_ENABLE_OBJC_ARC = YES;
				CLANG_ENABLE_OBJC_WEAK = YES;
				CLANG_WARN_BLOCK_CAPTURE_AUTORELEASING = YES;
				CLANG_WARN_BOOL_CONVERSION = YES;
				CLANG_WARN_COMMA = YES;
				CLANG_WARN_CONSTANT_CONVERSION = YES;
				CLANG_WARN_DEPRECATED_OBJC_IMPLEMENTATIONS = YES;
				CLANG_WARN_DIRECT_OBJC_ISA_USAGE = YES_ERROR;
				CLANG_WARN_DOCUMENTATION_COMMENTS = YES;
				CLANG_WARN_EMPTY_BODY = YES;
				CLANG_WARN_ENUM_CONVERSION = YES;
				CLANG_WARN_INFINITE_RECURSION = YES;
				CLANG_WARN_INT_CONVERSION = YES;
				CLANG_WARN_NON_LITERAL_NULL_CONVERSION = YES;
				CLANG_WARN_OBJC_IMPLICIT_RETAIN_SELF = YES;
				CLANG_WARN_OBJC_LITERAL_CONVERSION = YES;
				CLANG_WARN_OBJC_ROOT_CLASS = YES_ERROR;
				CLANG_WARN_RANGE_LOOP_ANALYSIS = YES;
				CLANG_WARN_STRICT_PROTOTYPES = YES;
				CLANG_WARN_SUSPICIOUS_MOVE = YES;
				CLANG_WARN_UNGUARDED_AVAILABILITY = YES_AGGRESSIVE;
				CLANG_WARN_UNREACHABLE_CODE = YES;
				CLANG_WARN__DUPLICATE_METHOD_MATCH = YES;
				CODE_SIGN_IDENTITY = "iPhone Developer";
				COPY_PHASE_STRIP = NO;
				DEBUG_INFORMATION_FORMAT = "dwarf-with-dsym";
				ENABLE_NS_ASSERTIONS = NO;
				ENABLE_STRICT_OBJC_MSGSEND = YES;
				GCC_C_LANGUAGE_STANDARD = gnu11;
				GCC_NO_COMMON_BLOCKS = YES;
				GCC_WARN_64_TO_32_BIT_CONVERSION = YES;
				GCC_WARN_ABOUT_RETURN_TYPE = YES_ERROR;
				GCC_WARN_UNDECLARED_SELECTOR = YES;
				GCC_WARN_UNINITIALIZED_AUTOS = YES_AGGRESSIVE;
				GCC_WARN_UNUSED_FUNCTION = YES;
				GCC_WARN_UNUSED_VARIABLE = YES;
				IPHONEOS_DEPLOYMENT_TARGET = 12.0;
				MTL_ENABLE_DEBUG_INFO = NO;
				MTL_FAST_MATH = YES;
				SDKROOT = iphoneos;
				VALIDATE_PRODUCT = YES;
			};
			name = Release;
		};
		B3ADE0CA2180ABC5003CC3E8 /* Debug */ = {
			isa = XCBuildConfiguration;
			buildSettings = {
				ASSETCATALOG_COMPILER_APPICON_NAME = AppIcon;
				CODE_SIGN_STYLE = Automatic;
				DEVELOPMENT_TEAM = UTTF498DN2;
				INFOPLIST_FILE = iosapp/Info.plist;
				LD_RUNPATH_SEARCH_PATHS = (
					"$(inherited)",
					"@executable_path/Frameworks",
				);
				PRODUCT_BUNDLE_IDENTIFIER = com.wulin.iosapp;
				PRODUCT_NAME = "$(TARGET_NAME)";
				TARGETED_DEVICE_FAMILY = "1,2";
			};
			name = Debug;
		};
		B3ADE0CB2180ABC5003CC3E8 /* Release */ = {
			isa = XCBuildConfiguration;
			buildSettings = {
				ASSETCATALOG_COMPILER_APPICON_NAME = AppIcon;
				CODE_SIGN_STYLE = Automatic;
				DEVELOPMENT_TEAM = UTTF498DN2;
				INFOPLIST_FILE = iosapp/Info.plist;
				LD_RUNPATH_SEARCH_PATHS = (
					"$(inherited)",
					"@executable_path/Frameworks",
				);
				PRODUCT_BUNDLE_IDENTIFIER = com.wulin.iosapp;
				PRODUCT_NAME = "$(TARGET_NAME)";
				TARGETED_DEVICE_FAMILY = "1,2";
			};
			name = Release;
		};
/* End XCBuildConfiguration section */

/* Begin XCConfigurationList section */
		B3ADE0AB2180ABC4003CC3E8 /* Build configuration list for PBXProject "iosapp" */ = {
			isa = XCConfigurationList;
			buildConfigurations = (
				B3ADE0C72180ABC5003CC3E8 /* Debug */,
				B3ADE0C82180ABC5003CC3E8 /* Release */,
			);
			defaultConfigurationIsVisible = 0;
			defaultConfigurationName = Release;
		};
		B3ADE0C92180ABC5003CC3E8 /* Build configuration list for PBXNativeTarget "iosapp" */ = {
			isa = XCConfigurationList;
			buildConfigurations = (
				B3ADE0CA2180ABC5003CC3E8 /* Debug */,
				B3ADE0CB2180ABC5003CC3E8 /* Release */,
			);
			defaultConfigurationIsVisible = 0;
			defaultConfigurationName = Release;
		};
/* End XCConfigurationList section */
	};
	rootObject = B3ADE0A82180ABC4003CC3E8 /* Project object */;
}
